
Microsoft Visual Studio Solution File, Format Version 12.00
# Visual Studio Version 17
VisualStudioVersion = 17.11.35312.102
MinimumVisualStudioVersion = 10.0.40219.1
Project("{FAE04EC0-301F-11D3-BF4B-00C04F79EFBC}") = "task3_mohamed_elsayed", "task3_mohamed_elsayed.csproj", "{C136E72A-1463-4E10-98A6-F9936D329B35}"
EndProject
Global
	GlobalSection(SolutionConfigurationPlatforms) = preSolution
		Debug|Any CPU = Debug|Any CPU
		Release|Any CPU = Release|Any CPU
	EndGlobalSection
	GlobalSection(ProjectConfigurationPlatforms) = postSolution
		{C136E72A-1463-4E10-98A6-F9936D329B35}.Debug|Any CPU.ActiveCfg = Debug|Any CPU
		{C136E72A-1463-4E10-98A6-F9936D329B35}.Debug|Any CPU.Build.0 = Debug|Any CPU
		{C136E72A-1463-4E10-98A6-F9936D329B35}.Release|Any CPU.ActiveCfg = Release|Any CPU
		{C136E72A-1463-4E10-98A6-F9936D329B35}.Release|Any CPU.Build.0 = Release|Any CPU
	EndGlobalSection
	GlobalSection(SolutionProperties) = preSolution
		HideSolutionNode = FALSE
	EndGlobalSection
	GlobalSection(ExtensibilityGlobals) = postSolution
		SolutionGuid = {9774FFE8-ECD9-4E15-8110-421B219BC9D9}
	EndGlobalSection
EndGlobal
